// !$*UTF8*$!
{
	archiveVersion = 1;
	classes = {
	};
	objectVersion = 46;
	objects = {

/* Begin PBXBuildFile section */
		3C6487461CFC276600662391 /* AppDelegate.swift in Sources */ = {isa = PBXBuildFile; fileRef = 3C6487451CFC276600662391 /* AppDelegate.swift */; };
		3C6487481CFC276600662391 /* ViewController.swift in Sources */ = {isa = PBXBuildFile; fileRef = 3C6487471CFC276600662391 /* ViewController.swift */; };
		3C64874B1CFC276600662391 /* Main.storyboard in Resources */ = {isa = PBXBuildFile; fileRef = 3C6487491CFC276600662391 /* Main.storyboard */; };
		3C64874D1CFC276600662391 /* Assets.xcassets in Resources */ = {isa = PBXBuildFile; fileRef = 3C64874C1CFC276600662391 /* Assets.xcassets */; };
		3C6487501CFC276600662391 /* LaunchScreen.storyboard in Resources */ = {isa = PBXBuildFile; fileRef = 3C64874E1CFC276600662391 /* LaunchScreen.storyboard */; };
		3C64875B1CFC276600662391 /* IDCardKeyboardDemoTests.swift in Sources */ = {isa = PBXBuildFile; fileRef = 3C64875A1CFC276600662391 /* IDCardKeyboardDemoTests.swift */; };
		3C6487661CFC276600662391 /* IDCardKeyboardDemoUITests.swift in Sources */ = {isa = PBXBuildFile; fileRef = 3C6487651CFC276600662391 /* IDCardKeyboardDemoUITests.swift */; };
		3C6487751CFC27FB00662391 /* KeyboardView.swift in Sources */ = {isa = PBXBuildFile; fileRef = 3C6487741CFC27FB00662391 /* KeyboardView.swift */; };
/* End PBXBuildFile section */

/* Begin PBXContainerItemProxy section */
		3C6487571CFC276600662391 /* PBXContainerItemProxy */ = {
			isa = PBXContainerItemProxy;
			containerPortal = 3C64873A1CFC276600662391 /* Project object */;
			proxyType = 1;
			remoteGlobalIDString = 3C6487411CFC276600662391;
			remoteInfo = IDCardKeyboardDemo;
		};
		3C6487621CFC276600662391 /* PBXContainerItemProxy */ = {
			isa = PBXContainerItemProxy;
			containerPortal = 3C64873A1CFC276600662391 /* Project object */;
			proxyType = 1;
			remoteGlobalIDString = 3C6487411CFC276600662391;
			remoteInfo = IDCardKeyboardDemo;
		};
/* End PBXContainerItemProxy section */

/* Begin PBXFileReference section */
		3C6487421CFC276600662391 /* IDCardKeyboardDemo.app */ = {isa = PBXFileReference; explicitFileType = wrapper.application; includeInIndex = 0; path = IDCardKeyboardDemo.app; sourceTree = BUILT_PRODUCTS_DIR; };
		3C6487451CFC276600662391 /* AppDelegate.swift */ = {isa = PBXFileReference; lastKnownFileType = sourcecode.swift; path = AppDelegate.swift; sourceTree = "<group>"; };
		3C6487471CFC276600662391 /* ViewController.swift */ = {isa = PBXFileReference; lastKnownFileType = sourcecode.swift; path = ViewController.swift; sourceTree = "<group>"; };
		3C64874A1CFC276600662391 /* Base */ = {isa = PBXFileReference; lastKnownFileType = file.storyboard; name = Base; path = Base.lproj/Main.storyboard; sourceTree = "<group>"; };
		3C64874C1CFC276600662391 /* Assets.xcassets */ = {isa = PBXFileReference; lastKnownFileType = folder.assetcatalog; path = Assets.xcassets; sourceTree = "<group>"; };
		3C64874F1CFC276600662391 /* Base */ = {isa = PBXFileReference; lastKnownFileType = file.storyboard; name = Base; path = Base.lproj/LaunchScreen.storyboard; sourceTree = "<group>"; };
		3C6487511CFC276600662391 /* Info.plist */ = {isa = PBXFileReference; lastKnownFileType = text.plist.xml; path = Info.plist; sourceTree = "<group>"; };
		3C6487561CFC276600662391 /* IDCardKeyboardDemoTests.xctest */ = {isa = PBXFileReference; explicitFileType = wrapper.cfbundle; includeInIndex = 0; path = IDCardKeyboardDemoTests.xctest; sourceTree = BUILT_PRODUCTS_DIR; };
		3C64875A1CFC276600662391 /* IDCardKeyboardDemoTests.swift */ = {isa = PBXFileReference; lastKnownFileType = sourcecode.swift; path = IDCardKeyboardDemoTests.swift; sourceTree = "<group>"; };
		3C64875C1CFC276600662391 /* Info.plist */ = {isa = PBXFileReference; lastKnownFileType = text.plist.xml; path = Info.plist; sourceTree = "<group>"; };
		3C6487611CFC276600662391 /* IDCardKeyboardDemoUITests.xctest */ = {isa = PBXFileReference; explicitFileType = wrapper.cfbundle; includeInIndex = 0; path = IDCardKeyboardDemoUITests.xctest; sourceTree = BUILT_PRODUCTS_DIR; };
		3C6487651CFC276600662391 /* IDCardKeyboardDemoUITests.swift */ = {isa = PBXFileReference; lastKnownFileType = sourcecode.swift; path = IDCardKeyboardDemoUITests.swift; sourceTree = "<group>"; };
		3C6487671CFC276600662391 /* Info.plist */ = {isa = PBXFileReference; lastKnownFileType = text.plist.xml; path = Info.plist; sourceTree = "<group>"; };
		3C6487741CFC27FB00662391 /* KeyboardView.swift */ = {isa = PBXFileReference; fileEncoding = 4; lastKnownFileType = sourcecode.swift; path = KeyboardView.swift; sourceTree = "<group>"; };
/* End PBXFileReference section */

/* Begin PBXFrameworksBuildPhase section */
		3C64873F1CFC276600662391 /* Frameworks */ = {
			isa = PBXFrameworksBuildPhase;
			buildActionMask = 2147483647;
			files = (
			);
			runOnlyForDeploymentPostprocessing = 0;
		};
		3C6487531CFC276600662391 /* Frameworks */ = {
			isa = PBXFrameworksBuildPhase;
			buildActionMask = 2147483647;
			files = (
			);
			runOnlyForDeploymentPostprocessing = 0;
		};
		3C64875E1CFC276600662391 /* Frameworks */ = {
			isa = PBXFrameworksBuildPhase;
			buildActionMask = 2147483647;
			files = (
			);
			runOnlyForDeploymentPostprocessing = 0;
		};
/* End PBXFrameworksBuildPhase section */

/* Begin PBXGroup section */
		3C6487391CFC276600662391 = {
			isa = PBXGroup;
			children = (
				3C6487731CFC27FB00662391 /* IDCardKeyboard */,
				3C6487441CFC276600662391 /* IDCardKeyboardDemo */,
				3C6487591CFC276600662391 /* IDCardKeyboardDemoTests */,
				3C6487641CFC276600662391 /* IDCardKeyboardDemoUITests */,
				3C6487431CFC276600662391 /* Products */,
			);
			sourceTree = "<group>";
		};
		3C6487431CFC276600662391 /* Products */ = {
			isa = PBXGroup;
			children = (
				3C6487421CFC276600662391 /* IDCardKeyboardDemo.app */,
				3C6487561CFC276600662391 /* IDCardKeyboardDemoTests.xctest */,
				3C6487611CFC276600662391 /* IDCardKeyboardDemoUITests.xctest */,
			);
			name = Products;
			sourceTree = "<group>";
		};
		3C6487441CFC276600662391 /* IDCardKeyboardDemo */ = {
			isa = PBXGroup;
			children = (
				3C6487451CFC276600662391 /* AppDelegate.swift */,
				3C6487471CFC276600662391 /* ViewController.swift */,
				3C6487491CFC276600662391 /* Main.storyboard */,
				3C64874C1CFC276600662391 /* Assets.xcassets */,
				3C64874E1CFC276600662391 /* LaunchScreen.storyboard */,
				3C6487511CFC276600662391 /* Info.plist */,
			);
			path = IDCardKeyboardDemo;
			sourceTree = "<group>";
		};
		3C6487591CFC276600662391 /* IDCardKeyboardDemoTests */ = {
			isa = PBXGroup;
			children = (
				3C64875A1CFC276600662391 /* IDCardKeyboardDemoTests.swift */,
				3C64875C1CFC276600662391 /* Info.plist */,
			);
			path = IDCardKeyboardDemoTests;
			sourceTree = "<group>";
		};
		3C6487641CFC276600662391 /* IDCardKeyboardDemoUITests */ = {
			isa = PBXGroup;
			children = (
				3C6487651CFC276600662391 /* IDCardKeyboardDemoUITests.swift */,
				3C6487671CFC276600662391 /* Info.plist */,
			);
			path = IDCardKeyboardDemoUITests;
			sourceTree = "<group>";
		};
		3C6487731CFC27FB00662391 /* IDCardKeyboard */ = {
			isa = PBXGroup;
			children = (
				3C6487741CFC27FB00662391 /* KeyboardView.swift */,
			);
			path = IDCardKeyboard;
			sourceTree = "<group>";
		};
/* End PBXGroup section */

/* Begin PBXNativeTarget section */
		3C6487411CFC276600662391 /* IDCardKeyboardDemo */ = {
			isa = PBXNativeTarget;
			buildConfigurationList = 3C64876A1CFC276600662391 /* Build configuration list for PBXNativeTarget "IDCardKeyboardDemo" */;
			buildPhases = (
				3C64873E1CFC276600662391 /* Sources */,
				3C64873F1CFC276600662391 /* Frameworks */,
				3C6487401CFC276600662391 /* Resources */,
			);
			buildRules = (
			);
			dependencies = (
			);
			name = IDCardKeyboardDemo;
			productName = IDCardKeyboardDemo;
			productReference = 3C6487421CFC276600662391 /* IDCardKeyboardDemo.app */;
			productType = "com.apple.product-type.application";
		};
		3C6487551CFC276600662391 /* IDCardKeyboardDemoTests */ = {
			isa = PBXNativeTarget;
			buildConfigurationList = 3C64876D1CFC276600662391 /* Build configuration list for PBXNativeTarget "IDCardKeyboardDemoTests" */;
			buildPhases = (
				3C6487521CFC276600662391 /* Sources */,
				3C6487531CFC276600662391 /* Frameworks */,
				3C6487541CFC276600662391 /* Resources */,
			);
			buildRules = (
			);
			dependencies = (
				3C6487581CFC276600662391 /* PBXTargetDependency */,
			);
			name = IDCardKeyboardDemoTests;
			productName = IDCardKeyboardDemoTests;
			productReference = 3C6487561CFC276600662391 /* IDCardKeyboardDemoTests.xctest */;
			productType = "com.apple.product-type.bundle.unit-test";
		};
		3C6487601CFC276600662391 /* IDCardKeyboardDemoUITests */ = {
			isa = PBXNativeTarget;
			buildConfigurationList = 3C6487701CFC276600662391 /* Build configuration list for PBXNativeTarget "IDCardKeyboardDemoUITests" */;
			buildPhases = (
				3C64875D1CFC276600662391 /* Sources */,
				3C64875E1CFC276600662391 /* Frameworks */,
				3C64875F1CFC276600662391 /* Resources */,
			);
			buildRules = (
			);
			dependencies = (
				3C6487631CFC276600662391 /* PBXTargetDependency */,
			);
			name = IDCardKeyboardDemoUITests;
			productName = IDCardKeyboardDemoUITests;
			productReference = 3C6487611CFC276600662391 /* IDCardKeyboardDemoUITests.xctest */;
			productType = "com.apple.product-type.bundle.ui-testing";
		};
/* End PBXNativeTarget section */

/* Begin PBXProject section */
		3C64873A1CFC276600662391 /* Project object */ = {
			isa = PBXProject;
			attributes = {
				LastSwiftUpdateCheck = 0730;
				LastUpgradeCheck = 0730;
				ORGANIZATIONNAME = KingCQ;
				TargetAttributes = {
					3C6487411CFC276600662391 = {
						CreatedOnToolsVersion = 7.3.1;
					};
					3C6487551CFC276600662391 = {
						CreatedOnToolsVersion = 7.3.1;
						TestTargetID = 3C6487411CFC276600662391;
					};
					3C6487601CFC276600662391 = {
						CreatedOnToolsVersion = 7.3.1;
						TestTargetID = 3C6487411CFC276600662391;
					};
				};
			};
			buildConfigurationList = 3C64873D1CFC276600662391 /* Build configuration list for PBXProject "IDCardKeyboardDemo" */;
			compatibilityVersion = "Xcode 3.2";
			developmentRegion = English;
			hasScannedForEncodings = 0;
			knownRegions = (
				en,
				Base,
			);
			mainGroup = 3C6487391CFC276600662391;
			productRefGroup = 3C6487431CFC276600662391 /* Products */;
			projectDirPath = "";
			projectRoot = "";
			targets = (
				3C6487411CFC276600662391 /* IDCardKeyboardDemo */,
				3C6487551CFC276600662391 /* IDCardKeyboardDemoTests */,
				3C6487601CFC276600662391 /* IDCardKeyboardDemoUITests */,
			);
		};
/* End PBXProject section */

/* Begin PBXResourcesBuildPhase section */
		3C6487401CFC276600662391 /* Resources */ = {
			isa = PBXResourcesBuildPhase;
			buildActionMask = 2147483647;
			files = (
				3C6487501CFC276600662391 /* LaunchScreen.storyboard in Resources */,
				3C64874D1CFC276600662391 /* Assets.xcassets in Resources */,
				3C64874B1CFC276600662391 /* Main.storyboard in Resources */,
			);
			runOnlyForDeploymentPostprocessing = 0;
		};
		3C6487541CFC276600662391 /* Resources */ = {
			isa = PBXResourcesBuildPhase;
			buildActionMask = 2147483647;
			files = (
			);
			runOnlyForDeploymentPostprocessing = 0;
		};
		3C64875F1CFC276600662391 /* Resources */ = {
			isa = PBXResourcesBuildPhase;
			buildActionMask = 2147483647;
			files = (
			);
			runOnlyForDeploymentPostprocessing = 0;
		};
/* End PBXResourcesBuildPhase section */

/* Begin PBXSourcesBuildPhase section */
		3C64873E1CFC276600662391 /* Sources */ = {
			isa = PBXSourcesBuildPhase;
			buildActionMask = 2147483647;
			files = (
				3C6487751CFC27FB00662391 /* KeyboardView.swift in Sources */,
				3C6487481CFC276600662391 /* ViewController.swift in Sources */,
				3C6487461CFC276600662391 /* AppDelegate.swift in Sources */,
			);
			runOnlyForDeploymentPostprocessing = 0;
		};
		3C6487521CFC276600662391 /* Sources */ = {
			isa = PBXSourcesBuildPhase;
			buildActionMask = 2147483647;
			files = (
				3C64875B1CFC276600662391 /* IDCardKeyboardDemoTests.swift in Sources */,
			);
			runOnlyForDeploymentPostprocessing = 0;
		};
		3C64875D1CFC276600662391 /* Sources */ = {
			isa = PBXSourcesBuildPhase;
			buildActionMask = 2147483647;
			files = (
				3C6487661CFC276600662391 /* IDCardKeyboardDemoUITests.swift in Sources */,
			);
			runOnlyForDeploymentPostprocessing = 0;
		};
/* End PBXSourcesBuildPhase section */

/* Begin PBXTargetDependency section */
		3C6487581CFC276600662391 /* PBXTargetDependency */ = {
			isa = PBXTargetDependency;
			target = 3C6487411CFC276600662391 /* IDCardKeyboardDemo */;
			targetProxy = 3C6487571CFC276600662391 /* PBXContainerItemProxy */;
		};
		3C6487631CFC276600662391 /* PBXTargetDependency */ = {
			isa = PBXTargetDependency;
			target = 3C6487411CFC276600662391 /* IDCardKeyboardDemo */;
			targetProxy = 3C6487621CFC276600662391 /* PBXContainerItemProxy */;
		};
/* End PBXTargetDependency section */

/* Begin PBXVariantGroup section */
		3C6487491CFC276600662391 /* Main.storyboard */ = {
			isa = PBXVariantGroup;
			children = (
				3C64874A1CFC276600662391 /* Base */,
			);
			name = Main.storyboard;
			sourceTree = "<group>";
		};
		3C64874E1CFC276600662391 /* LaunchScreen.storyboard */ = {
			isa = PBXVariantGroup;
			children = (
				3C64874F1CFC276600662391 /* Base */,
			);
			name = LaunchScreen.storyboard;
			sourceTree = "<group>";
		};
/* End PBXVariantGroup section */

/* Begin XCBuildConfiguration section */
		3C6487681CFC276600662391 /* Debug */ = {
			isa = XCBuildConfiguration;
			buildSettings = {
				ALWAYS_SEARCH_USER_PATHS = NO;
				CLANG_ANALYZER_NONNULL = YES;
				CLANG_CXX_LANGUAGE_STANDARD = "gnu++0x";
				CLANG_CXX_LIBRARY = "libc++";
				CLANG_ENABLE_MODULES = YES;
				CLANG_ENABLE_OBJC_ARC = YES;
				CLANG_WARN_BOOL_CONVERSION = YES;
				CLANG_WARN_CONSTANT_CONVERSION = YES;
				CLANG_WARN_DIRECT_OBJC_ISA_USAGE = YES_ERROR;
				CLANG_WARN_EMPTY_BODY = YES;
				CLANG_WARN_ENUM_CONVERSION = YES;
				CLANG_WARN_INT_CONVERSION = YES;
				CLANG_WARN_OBJC_ROOT_CLASS = YES_ERROR;
				CLANG_WARN_UNREACHABLE_CODE = YES;
				CLANG_WARN__DUPLICATE_METHOD_MATCH = YES;
				"CODE_SIGN_IDENTITY[sdk=iphoneos*]" = "iPhone Developer";
				COPY_PHASE_STRIP = NO;
				DEBUG_INFORMATION_FORMAT = dwarf;
				ENABLE_STRICT_OBJC_MSGSEND = YES;
				ENABLE_TESTABILITY = YES;
				GCC_C_LANGUAGE_STANDARD = gnu99;
				GCC_DYNAMIC_NO_PIC = NO;
				GCC_NO_COMMON_BLOCKS = YES;
				GCC_OPTIMIZATION_LEVEL = 0;
				GCC_PREPROCESSOR_DEFINITIONS = (
					"DEBUG=1",
					"$(inherited)",
				);
				GCC_WARN_64_TO_32_BIT_CONVERSION = YES;
				GCC_WARN_ABOUT_RETURN_TYPE = YES_ERROR;
				GCC_WARN_UNDECLARED_SELECTOR = YES;
				GCC_WARN_UNINITIALIZED_AUTOS = YES_AGGRESSIVE;
				GCC_WARN_UNUSED_FUNCTION = YES;
				GCC_WARN_UNUSED_VARIABLE = YES;
				IPHONEOS_DEPLOYMENT_TARGET = 9.3;
				MTL_ENABLE_DEBUG_INFO = YES;
				ONLY_ACTIVE_ARCH = YES;
				SDKROOT = iphoneos;
				SWIFT_OPTIMIZATION_LEVEL = "-Onone";
				TARGETED_DEVICE_FAMILY = "1,2";
			};
			name = Debug;
		};
		3C6487691CFC276600662391 /* Release */ = {
			isa = XCBuildConfiguration;
			buildSettings = {
				ALWAYS_SEARCH_USER_PATHS = NO;
				CLANG_ANALYZER_NONNULL = YES;
				CLANG_CXX_LANGUAGE_STANDARD = "gnu++0x";
				CLANG_CXX_LIBRARY = "libc++";
				CLANG_ENABLE_MODULES = YES;
				CLANG_ENABLE_OBJC_ARC = YES;
				CLANG_WARN_BOOL_CONVERSION = YES;
				CLANG_WARN_CONSTANT_CONVERSION = YES;
				CLANG_WARN_DIRECT_OBJC_ISA_USAGE = YES_ERROR;
				CLANG_WARN_EMPTY_BODY = YES;
				CLANG_WARN_ENUM_CONVERSION = YES;
				CLANG_WARN_INT_CONVERSION = YES;
				CLANG_WARN_OBJC_ROOT_CLASS = YES_ERROR;
				CLANG_WARN_UNREACHABLE_CODE = YES;
				CLANG_WARN__DUPLICATE_METHOD_MATCH = YES;
				"CODE_SIGN_IDENTITY[sdk=iphoneos*]" = "iPhone Developer";
				COPY_PHASE_STRIP = NO;
				DEBUG_INFORMATION_FORMAT = "dwarf-with-dsym";
				ENABLE_NS_ASSERTIONS = NO;
				ENABLE_STRICT_OBJC_MSGSEND = YES;
				GCC_C_LANGUAGE_STANDARD = gnu99;
				GCC_NO_COMMON_BLOCKS = YES;
				GCC_WARN_64_TO_32_BIT_CONVERSION = YES;
				GCC_WARN_ABOUT_RETURN_TYPE = YES_ERROR;
				GCC_WARN_UNDECLARED_SELECTOR = YES;
				GCC_WARN_UNINITIALIZED_AUTOS = YES_AGGRESSIVE;
				GCC_WARN_UNUSED_FUNCTION = YES;
				GCC_WARN_UNUSED_VARIABLE = YES;
				IPHONEOS_DEPLOYMENT_TARGET = 9.3;
				MTL_ENABLE_DEBUG_INFO = NO;
				SDKROOT = iphoneos;
				TARGETED_DEVICE_FAMILY = "1,2";
				VALIDATE_PRODUCT = YES;
			};
			name = Release;
		};
		3C64876B1CFC276600662391 /* Debug */ = {
			isa = XCBuildConfiguration;
			buildSettings = {
				ASSETCATALOG_COMPILER_APPICON_NAME = AppIcon;
				INFOPLIST_FILE = IDCardKeyboardDemo/Info.plist;
				IPHONEOS_DEPLOYMENT_TARGET = 8.4;
				LD_RUNPATH_SEARCH_PATHS = "$(inherited) @executable_path/Frameworks";
				PRODUCT_BUNDLE_IDENTIFIER = com.KingCQ.IDCardKeyboardDemo;
				PRODUCT_NAME = "$(TARGET_NAME)";
			};
			name = Debug;
		};
		3C64876C1CFC276600662391 /* Release */ = {
			isa = XCBuildConfiguration;
			buildSettings = {
				ASSETCATALOG_COMPILER_APPICON_NAME = AppIcon;
				INFOPLIST_FILE = IDCardKeyboardDemo/Info.plist;
				IPHONEOS_DEPLOYMENT_TARGET = 8.4;
				LD_RUNPATH_SEARCH_PATHS = "$(inherited) @executable_path/Frameworks";
				PRODUCT_BUNDLE_IDENTIFIER = com.KingCQ.IDCardKeyboardDemo;
				PRODUCT_NAME = "$(TARGET_NAME)";
			};
			name = Release;
		};
		3C64876E1CFC276600662391 /* Debug */ = {
			isa = XCBuildConfiguration;
			buildSettings = {
				BUNDLE_LOADER = "$(TEST_HOST)";
				INFOPLIST_FILE = IDCardKeyboardDemoTests/Info.plist;
				LD_RUNPATH_SEARCH_PATHS = "$(inherited) @executable_path/Frameworks @loader_path/Frameworks";
				PRODUCT_BUNDLE_IDENTIFIER = com.KingCQ.IDCardKeyboardDemoTests;
				PRODUCT_NAME = "$(TARGET_NAME)";
				TEST_HOST = "$(BUILT_PRODUCTS_DIR)/IDCardKeyboardDemo.app/IDCardKeyboardDemo";
			};
			name = Debug;
		};
		3C64876F1CFC276600662391 /* Release */ = {
			isa = XCBuildConfiguration;
			buildSettings = {
				BUNDLE_LOADER = "$(TEST_HOST)";
				INFOPLIST_FILE = IDCardKeyboardDemoTests/Info.plist;
				LD_RUNPATH_SEARCH_PATHS = "$(inherited) @executable_path/Frameworks @loader_path/Frameworks";
				PRODUCT_BUNDLE_IDENTIFIER = com.KingCQ.IDCardKeyboardDemoTests;
				PRODUCT_NAME = "$(TARGET_NAME)";
				TEST_HOST = "$(BUILT_PRODUCTS_DIR)/IDCardKeyboardDemo.app/IDCardKeyboardDemo";
			};
			name = Release;
		};
		3C6487711CFC276600662391 /* Debug */ = {
			isa = XCBuildConfiguration;
			buildSettings = {
				INFOPLIST_FILE = IDCardKeyboardDemoUITests/Info.plist;
				LD_RUNPATH_SEARCH_PATHS = "$(inherited) @executable_path/Frameworks @loader_path/Frameworks";
				PRODUCT_BUNDLE_IDENTIFIER = com.KingCQ.IDCardKeyboardDemoUITests;
				PRODUCT_NAME = "$(TARGET_NAME)";
				TEST_TARGET_NAME = IDCardKeyboardDemo;
			};
			name = Debug;
		};
		3C6487721CFC276600662391 /* Release */ = {
			isa = XCBuildConfiguration;
			buildSettings = {
				INFOPLIST_FILE = IDCardKeyboardDemoUITests/Info.plist;
				LD_RUNPATH_SEARCH_PATHS = "$(inherited) @executable_path/Frameworks @loader_path/Frameworks";
				PRODUCT_BUNDLE_IDENTIFIER = com.KingCQ.IDCardKeyboardDemoUITests;
				PRODUCT_NAME = "$(TARGET_NAME)";
				TEST_TARGET_NAME = IDCardKeyboardDemo;
			};
			name = Release;
		};
/* End XCBuildConfiguration section */

/* Begin XCConfigurationList section */
		3C64873D1CFC276600662391 /* Build configuration list for PBXProject "IDCardKeyboardDemo" */ = {
			isa = XCConfigurationList;
			buildConfigurations = (
				3C6487681CFC276600662391 /* Debug */,
				3C6487691CFC276600662391 /* Release */,
			);
			defaultConfigurationIsVisible = 0;
			defaultConfigurationName = Release;
		};
		3C64876A1CFC276600662391 /* Build configuration list for PBXNativeTarget "IDCardKeyboardDemo" */ = {
			isa = XCConfigurationList;
			buildConfigurations = (
				3C64876B1CFC276600662391 /* Debug */,
				3C64876C1CFC276600662391 /* Release */,
			);
			defaultConfigurationIsVisible = 0;
		};
		3C64876D1CFC276600662391 /* Build configuration list for PBXNativeTarget "IDCardKeyboardDemoTests" */ = {
			isa = XCConfigurationList;
			buildConfigurations = (
				3C64876E1CFC276600662391 /* Debug */,
				3C64876F1CFC276600662391 /* Release */,
			);
			defaultConfigurationIsVisible = 0;
		};
		3C6487701CFC276600662391 /* Build configuration list for PBXNativeTarget "IDCardKeyboardDemoUITests" */ = {
			isa = XCConfigurationList;
			buildConfigurations = (
				3C6487711CFC276600662391 /* Debug */,
				3C6487721CFC276600662391 /* Release */,
			);
			defaultConfigurationIsVisible = 0;
		};
/* End XCConfigurationList section */
	};
	rootObject = 3C64873A1CFC276600662391 /* Project object */;
}
